// !$*UTF8*$!
{
	archiveVersion = 1;
	classes = {
	};
	objectVersion = 56;
	objects = {

/* Begin PBXBuildFile section */
		E722F6D32A963F3E00BAF883 /* MyFirstAppApp.swift in Sources */ = {isa = PBXBuildFile; fileRef = E722F6D22A963F3E00BAF883 /* MyFirstAppApp.swift */; };
		E722F6D52A963F3E00BAF883 /* ContentView.swift in Sources */ = {isa = PBXBuildFile; fileRef = E722F6D42A963F3E00BAF883 /* ContentView.swift */; };
		E722F6D72A963F3E00BAF883 /* Assets.xcassets in Resources */ = {isa = PBXBuildFile; fileRef = E722F6D62A963F3E00BAF883 /* Assets.xcassets */; };
		E722F6DA2A963F3E00BAF883 /* Preview Assets.xcassets in Resources */ = {isa = PBXBuildFile; fileRef = E722F6D92A963F3E00BAF883 /* Preview Assets.xcassets */; };
		E722F6E42A963F3E00BAF883 /* MyFirstAppTests.swift in Sources */ = {isa = PBXBuildFile; fileRef = E722F6E32A963F3E00BAF883 /* MyFirstAppTests.swift */; };
		E722F6EE2A963F3E00BAF883 /* MyFirstAppUITests.swift in Sources */ = {isa = PBXBuildFile; fileRef = E722F6ED2A963F3E00BAF883 /* MyFirstAppUITests.swift */; };
		E722F6F02A963F3E00BAF883 /* MyFirstAppUITestsLaunchTests.swift in Sources */ = {isa = PBXBuildFile; fileRef = E722F6EF2A963F3E00BAF883 /* MyFirstAppUITestsLaunchTests.swift */; };
		E7843E8C2A9E371F00FFF9FF /* .gitignore in Resources */ = {isa = PBXBuildFile; fileRef = E7843E8B2A9E371F00FFF9FF /* .gitignore */; };
/* End PBXBuildFile section */

/* Begin PBXContainerItemProxy section */
		E722F6E02A963F3E00BAF883 /* PBXContainerItemProxy */ = {
			isa = PBXContainerItemProxy;
			containerPortal = E722F6C72A963F3E00BAF883 /* Project object */;
			proxyType = 1;
			remoteGlobalIDString = E722F6CE2A963F3E00BAF883;
			remoteInfo = MyFirstApp;
		};
		E722F6EA2A963F3E00BAF883 /* PBXContainerItemProxy */ = {
			isa = PBXContainerItemProxy;
			containerPortal = E722F6C72A963F3E00BAF883 /* Project object */;
			proxyType = 1;
			remoteGlobalIDString = E722F6CE2A963F3E00BAF883;
			remoteInfo = MyFirstApp;
		};
/* End PBXContainerItemProxy section */

/* Begin PBXFileReference section */
		E722F6CF2A963F3E00BAF883 /* MyFirstIOSCalculator.app */ = {isa = PBXFileReference; explicitFileType = wrapper.application; includeInIndex = 0; path = MyFirstIOSCalculator.app; sourceTree = BUILT_PRODUCTS_DIR; };
		E722F6D22A963F3E00BAF883 /* MyFirstAppApp.swift */ = {isa = PBXFileReference; lastKnownFileType = sourcecode.swift; path = MyFirstAppApp.swift; sourceTree = "<group>"; };
		E722F6D42A963F3E00BAF883 /* ContentView.swift */ = {isa = PBXFileReference; lastKnownFileType = sourcecode.swift; path = ContentView.swift; sourceTree = "<group>"; };
		E722F6D62A963F3E00BAF883 /* Assets.xcassets */ = {isa = PBXFileReference; lastKnownFileType = folder.assetcatalog; path = Assets.xcassets; sourceTree = "<group>"; };
		E722F6D92A963F3E00BAF883 /* Preview Assets.xcassets */ = {isa = PBXFileReference; lastKnownFileType = folder.assetcatalog; path = "Preview Assets.xcassets"; sourceTree = "<group>"; };
		E722F6DF2A963F3E00BAF883 /* MyFirstIOSCalculatorTests.xctest */ = {isa = PBXFileReference; explicitFileType = wrapper.cfbundle; includeInIndex = 0; path = MyFirstIOSCalculatorTests.xctest; sourceTree = BUILT_PRODUCTS_DIR; };
		E722F6E32A963F3E00BAF883 /* MyFirstAppTests.swift */ = {isa = PBXFileReference; lastKnownFileType = sourcecode.swift; path = MyFirstAppTests.swift; sourceTree = "<group>"; };
		E722F6E92A963F3E00BAF883 /* MyFirstIOSCalculatorUITests.xctest */ = {isa = PBXFileReference; explicitFileType = wrapper.cfbundle; includeInIndex = 0; path = MyFirstIOSCalculatorUITests.xctest; sourceTree = BUILT_PRODUCTS_DIR; };
		E722F6ED2A963F3E00BAF883 /* MyFirstAppUITests.swift */ = {isa = PBXFileReference; lastKnownFileType = sourcecode.swift; path = MyFirstAppUITests.swift; sourceTree = "<group>"; };
		E722F6EF2A963F3E00BAF883 /* MyFirstAppUITestsLaunchTests.swift */ = {isa = PBXFileReference; lastKnownFileType = sourcecode.swift; path = MyFirstAppUITestsLaunchTests.swift; sourceTree = "<group>"; };
		E7843E8B2A9E371F00FFF9FF /* .gitignore */ = {isa = PBXFileReference; lastKnownFileType = text; path = .gitignore; sourceTree = "<group>"; };
/* End PBXFileReference section */

/* Begin PBXFrameworksBuildPhase section */
		E722F6CC2A963F3E00BAF883 /* Frameworks */ = {
			isa = PBXFrameworksBuildPhase;
			buildActionMask = 2147483647;
			files = (
			);
			runOnlyForDeploymentPostprocessing = 0;
		};
		E722F6DC2A963F3E00BAF883 /* Frameworks */ = {
			isa = PBXFrameworksBuildPhase;
			buildActionMask = 2147483647;
			files = (
			);
			runOnlyForDeploymentPostprocessing = 0;
		};
		E722F6E62A963F3E00BAF883 /* Frameworks */ = {
			isa = PBXFrameworksBuildPhase;
			buildActionMask = 2147483647;
			files = (
			);
			runOnlyForDeploymentPostprocessing = 0;
		};
/* End PBXFrameworksBuildPhase section */

/* Begin PBXGroup section */
		E722F6C62A963F3E00BAF883 = {
			isa = PBXGroup;
			children = (
				E7843E8B2A9E371F00FFF9FF /* .gitignore */,
				E722F6D12A963F3E00BAF883 /* MyFirstApp */,
				E722F6E22A963F3E00BAF883 /* MyFirstAppTests */,
				E722F6EC2A963F3E00BAF883 /* MyFirstAppUITests */,
				E722F6D02A963F3E00BAF883 /* Products */,
			);
			sourceTree = "<group>";
		};
		E722F6D02A963F3E00BAF883 /* Products */ = {
			isa = PBXGroup;
			children = (
				E722F6CF2A963F3E00BAF883 /* MyFirstIOSCalculator.app */,
				E722F6DF2A963F3E00BAF883 /* MyFirstIOSCalculatorTests.xctest */,
				E722F6E92A963F3E00BAF883 /* MyFirstIOSCalculatorUITests.xctest */,
			);
			name = Products;
			sourceTree = "<group>";
		};
		E722F6D12A963F3E00BAF883 /* MyFirstApp */ = {
			isa = PBXGroup;
			children = (
				E722F6D22A963F3E00BAF883 /* MyFirstAppApp.swift */,
				E722F6D42A963F3E00BAF883 /* ContentView.swift */,
				E722F6D62A963F3E00BAF883 /* Assets.xcassets */,
				E722F6D82A963F3E00BAF883 /* Preview Content */,
			);
			path = MyFirstApp;
			sourceTree = "<group>";
		};
		E722F6D82A963F3E00BAF883 /* Preview Content */ = {
			isa = PBXGroup;
			children = (
				E722F6D92A963F3E00BAF883 /* Preview Assets.xcassets */,
			);
			path = "Preview Content";
			sourceTree = "<group>";
		};
		E722F6E22A963F3E00BAF883 /* MyFirstAppTests */ = {
			isa = PBXGroup;
			children = (
				E722F6E32A963F3E00BAF883 /* MyFirstAppTests.swift */,
			);
			path = MyFirstAppTests;
			sourceTree = "<group>";
		};
		E722F6EC2A963F3E00BAF883 /* MyFirstAppUITests */ = {
			isa = PBXGroup;
			children = (
				E722F6ED2A963F3E00BAF883 /* MyFirstAppUITests.swift */,
				E722F6EF2A963F3E00BAF883 /* MyFirstAppUITestsLaunchTests.swift */,
			);
			path = MyFirstAppUITests;
			sourceTree = "<group>";
		};
/* End PBXGroup section */

/* Begin PBXNativeTarget section */
		E722F6CE2A963F3E00BAF883 /* MyFirstIOSCalculator */ = {
			isa = PBXNativeTarget;
			buildConfigurationList = E722F6F32A963F3E00BAF883 /* Build configuration list for PBXNativeTarget "MyFirstIOSCalculator" */;
			buildPhases = (
				E722F6CB2A963F3E00BAF883 /* Sources */,
				E722F6CC2A963F3E00BAF883 /* Frameworks */,
				E722F6CD2A963F3E00BAF883 /* Resources */,
			);
			buildRules = (
			);
			dependencies = (
			);
			name = MyFirstIOSCalculator;
			productName = MyFirstApp;
			productReference = E722F6CF2A963F3E00BAF883 /* MyFirstIOSCalculator.app */;
			productType = "com.apple.product-type.application";
		};
		E722F6DE2A963F3E00BAF883 /* MyFirstIOSCalculatorTests */ = {
			isa = PBXNativeTarget;
			buildConfigurationList = E722F6F62A963F3E00BAF883 /* Build configuration list for PBXNativeTarget "MyFirstIOSCalculatorTests" */;
			buildPhases = (
				E722F6DB2A963F3E00BAF883 /* Sources */,
				E722F6DC2A963F3E00BAF883 /* Frameworks */,
				E722F6DD2A963F3E00BAF883 /* Resources */,
			);
			buildRules = (
			);
			dependencies = (
				E722F6E12A963F3E00BAF883 /* PBXTargetDependency */,
			);
			name = MyFirstIOSCalculatorTests;
			productName = MyFirstAppTests;
			productReference = E722F6DF2A963F3E00BAF883 /* MyFirstIOSCalculatorTests.xctest */;
			productType = "com.apple.product-type.bundle.unit-test";
		};
		E722F6E82A963F3E00BAF883 /* MyFirstIOSCalculatorUITests */ = {
			isa = PBXNativeTarget;
			buildConfigurationList = E722F6F92A963F3E00BAF883 /* Build configuration list for PBXNativeTarget "MyFirstIOSCalculatorUITests" */;
			buildPhases = (
				E722F6E52A963F3E00BAF883 /* Sources */,
				E722F6E62A963F3E00BAF883 /* Frameworks */,
				E722F6E72A963F3E00BAF883 /* Resources */,
			);
			buildRules = (
			);
			dependencies = (
				E722F6EB2A963F3E00BAF883 /* PBXTargetDependency */,
			);
			name = MyFirstIOSCalculatorUITests;
			productName = MyFirstAppUITests;
			productReference = E722F6E92A963F3E00BAF883 /* MyFirstIOSCalculatorUITests.xctest */;
			productType = "com.apple.product-type.bundle.ui-testing";
		};
/* End PBXNativeTarget section */

/* Begin PBXProject section */
		E722F6C72A963F3E00BAF883 /* Project object */ = {
			isa = PBXProject;
			attributes = {
				BuildIndependentTargetsInParallel = 1;
				LastSwiftUpdateCheck = 1430;
				LastUpgradeCheck = 1430;
				TargetAttributes = {
					E722F6CE2A963F3E00BAF883 = {
						CreatedOnToolsVersion = 14.3.1;
					};
					E722F6DE2A963F3E00BAF883 = {
						CreatedOnToolsVersion = 14.3.1;
						TestTargetID = E722F6CE2A963F3E00BAF883;
					};
					E722F6E82A963F3E00BAF883 = {
						CreatedOnToolsVersion = 14.3.1;
						TestTargetID = E722F6CE2A963F3E00BAF883;
					};
				};
			};
			buildConfigurationList = E722F6CA2A963F3E00BAF883 /* Build configuration list for PBXProject "MyFirstIOSCalculator" */;
			compatibilityVersion = "Xcode 14.0";
			developmentRegion = en;
			hasScannedForEncodings = 0;
			knownRegions = (
				en,
				Base,
			);
			mainGroup = E722F6C62A963F3E00BAF883;
			productRefGroup = E722F6D02A963F3E00BAF883 /* Products */;
			projectDirPath = "";
			projectRoot = "";
			targets = (
				E722F6CE2A963F3E00BAF883 /* MyFirstIOSCalculator */,
				E722F6DE2A963F3E00BAF883 /* MyFirstIOSCalculatorTests */,
				E722F6E82A963F3E00BAF883 /* MyFirstIOSCalculatorUITests */,
			);
		};
/* End PBXProject section */

/* Begin PBXResourcesBuildPhase section */
		E722F6CD2A963F3E00BAF883 /* Resources */ = {
			isa = PBXResourcesBuildPhase;
			buildActionMask = 2147483647;
			files = (
				E722F6DA2A963F3E00BAF883 /* Preview Assets.xcassets in Resources */,
				E7843E8C2A9E371F00FFF9FF /* .gitignore in Resources */,
				E722F6D72A963F3E00BAF883 /* Assets.xcassets in Resources */,
			);
			runOnlyForDeploymentPostprocessing = 0;
		};
		E722F6DD2A963F3E00BAF883 /* Resources */ = {
			isa = PBXResourcesBuildPhase;
			buildActionMask = 2147483647;
			files = (
			);
			runOnlyForDeploymentPostprocessing = 0;
		};
		E722F6E72A963F3E00BAF883 /* Resources */ = {
			isa = PBXResourcesBuildPhase;
			buildActionMask = 2147483647;
			files = (
			);
			runOnlyForDeploymentPostprocessing = 0;
		};
/* End PBXResourcesBuildPhase section */

/* Begin PBXSourcesBuildPhase section */
		E722F6CB2A963F3E00BAF883 /* Sources */ = {
			isa = PBXSourcesBuildPhase;
			buildActionMask = 2147483647;
			files = (
				E722F6D52A963F3E00BAF883 /* ContentView.swift in Sources */,
				E722F6D32A963F3E00BAF883 /* MyFirstAppApp.swift in Sources */,
			);
			runOnlyForDeploymentPostprocessing = 0;
		};
		E722F6DB2A963F3E00BAF883 /* Sources */ = {
			isa = PBXSourcesBuildPhase;
			buildActionMask = 2147483647;
			files = (
				E722F6E42A963F3E00BAF883 /* MyFirstAppTests.swift in Sources */,
			);
			runOnlyForDeploymentPostprocessing = 0;
		};
		E722F6E52A963F3E00BAF883 /* Sources */ = {
			isa = PBXSourcesBuildPhase;
			buildActionMask = 2147483647;
			files = (
				E722F6EE2A963F3E00BAF883 /* MyFirstAppUITests.swift in Sources */,
				E722F6F02A963F3E00BAF883 /* MyFirstAppUITestsLaunchTests.swift in Sources */,
			);
			runOnlyForDeploymentPostprocessing = 0;
		};
/* End PBXSourcesBuildPhase section */

/* Begin PBXTargetDependency section */
		E722F6E12A963F3E00BAF883 /* PBXTargetDependency */ = {
			isa = PBXTargetDependency;
			target = E722F6CE2A963F3E00BAF883 /* MyFirstIOSCalculator */;
			targetProxy = E722F6E02A963F3E00BAF883 /* PBXContainerItemProxy */;
		};
		E722F6EB2A963F3E00BAF883 /* PBXTargetDependency */ = {
			isa = PBXTargetDependency;
			target = E722F6CE2A963F3E00BAF883 /* MyFirstIOSCalculator */;
			targetProxy = E722F6EA2A963F3E00BAF883 /* PBXContainerItemProxy */;
		};
/* End PBXTargetDependency section */

/* Begin XCBuildConfiguration section */
		E722F6F12A963F3E00BAF883 /* Debug */ = {
			isa = XCBuildConfiguration;
			buildSettings = {
				ALWAYS_SEARCH_USER_PATHS = NO;
				CLANG_ANALYZER_NONNULL = YES;
				CLANG_ANALYZER_NUMBER_OBJECT_CONVERSION = YES_AGGRESSIVE;
				CLANG_CXX_LANGUAGE_STANDARD = "gnu++20";
				CLANG_ENABLE_MODULES = YES;
				CLANG_ENABLE_OBJC_ARC = YES;
				CLANG_ENABLE_OBJC_WEAK = YES;
				CLANG_WARN_BLOCK_CAPTURE_AUTORELEASING = YES;
				CLANG_WARN_BOOL_CONVERSION = YES;
				CLANG_WARN_COMMA = YES;
				CLANG_WARN_CONSTANT_CONVERSION = YES;
				CLANG_WARN_DEPRECATED_OBJC_IMPLEMENTATIONS = YES;
				CLANG_WARN_DIRECT_OBJC_ISA_USAGE = YES_ERROR;
				CLANG_WARN_DOCUMENTATION_COMMENTS = YES;
				CLANG_WARN_EMPTY_BODY = YES;
				CLANG_WARN_ENUM_CONVERSION = YES;
				CLANG_WARN_INFINITE_RECURSION = YES;
				CLANG_WARN_INT_CONVERSION = YES;
				CLANG_WARN_NON_LITERAL_NULL_CONVERSION = YES;
				CLANG_WARN_OBJC_IMPLICIT_RETAIN_SELF = YES;
				CLANG_WARN_OBJC_LITERAL_CONVERSION = YES;
				CLANG_WARN_OBJC_ROOT_CLASS = YES_ERROR;
				CLANG_WARN_QUOTED_INCLUDE_IN_FRAMEWORK_HEADER = YES;
				CLANG_WARN_RANGE_LOOP_ANALYSIS = YES;
				CLANG_WARN_STRICT_PROTOTYPES = YES;
				CLANG_WARN_SUSPICIOUS_MOVE = YES;
				CLANG_WARN_UNGUARDED_AVAILABILITY = YES_AGGRESSIVE;
				CLANG_WARN_UNREACHABLE_CODE = YES;
				CLANG_WARN__DUPLICATE_METHOD_MATCH = YES;
				COPY_PHASE_STRIP = NO;
				DEBUG_INFORMATION_FORMAT = dwarf;
				ENABLE_STRICT_OBJC_MSGSEND = YES;
				ENABLE_TESTABILITY = YES;
				GCC_C_LANGUAGE_STANDARD = gnu11;
				GCC_DYNAMIC_NO_PIC = NO;
				GCC_NO_COMMON_BLOCKS = YES;
				GCC_OPTIMIZATION_LEVEL = 0;
				GCC_PREPROCESSOR_DEFINITIONS = (
					"DEBUG=1",
					"$(inherited)",
				);
				GCC_WARN_64_TO_32_BIT_CONVERSION = YES;
				GCC_WARN_ABOUT_RETURN_TYPE = YES_ERROR;
				GCC_WARN_UNDECLARED_SELECTOR = YES;
				GCC_WARN_UNINITIALIZED_AUTOS = YES_AGGRESSIVE;
				GCC_WARN_UNUSED_FUNCTION = YES;
				GCC_WARN_UNUSED_VARIABLE = YES;
				IPHONEOS_DEPLOYMENT_TARGET = 16.4;
				MTL_ENABLE_DEBUG_INFO = INCLUDE_SOURCE;
				MTL_FAST_MATH = YES;
				ONLY_ACTIVE_ARCH = YES;
				SDKROOT = iphoneos;
				SWIFT_ACTIVE_COMPILATION_CONDITIONS = DEBUG;
				SWIFT_OPTIMIZATION_LEVEL = "-Onone";
			};
			name = Debug;
		};
		E722F6F22A963F3E00BAF883 /* Release */ = {
			isa = XCBuildConfiguration;
			buildSettings = {
				ALWAYS_SEARCH_USER_PATHS = NO;
				CLANG_ANALYZER_NONNULL = YES;
				CLANG_ANALYZER_NUMBER_OBJECT_CONVERSION = YES_AGGRESSIVE;
				CLANG_CXX_LANGUAGE_STANDARD = "gnu++20";
				CLANG_ENABLE_MODULES = YES;
				CLANG_ENABLE_OBJC_ARC = YES;
				CLANG_ENABLE_OBJC_WEAK = YES;
				CLANG_WARN_BLOCK_CAPTURE_AUTORELEASING = YES;
				CLANG_WARN_BOOL_CONVERSION = YES;
				CLANG_WARN_COMMA = YES;
				CLANG_WARN_CONSTANT_CONVERSION = YES;
				CLANG_WARN_DEPRECATED_OBJC_IMPLEMENTATIONS = YES;
				CLANG_WARN_DIRECT_OBJC_ISA_USAGE = YES_ERROR;
				CLANG_WARN_DOCUMENTATION_COMMENTS = YES;
				CLANG_WARN_EMPTY_BODY = YES;
				CLANG_WARN_ENUM_CONVERSION = YES;
				CLANG_WARN_INFINITE_RECURSION = YES;
				CLANG_WARN_INT_CONVERSION = YES;
				CLANG_WARN_NON_LITERAL_NULL_CONVERSION = YES;
				CLANG_WARN_OBJC_IMPLICIT_RETAIN_SELF = YES;
				CLANG_WARN_OBJC_LITERAL_CONVERSION = YES;
				CLANG_WARN_OBJC_ROOT_CLASS = YES_ERROR;
				CLANG_WARN_QUOTED_INCLUDE_IN_FRAMEWORK_HEADER = YES;
				CLANG_WARN_RANGE_LOOP_ANALYSIS = YES;
				CLANG_WARN_STRICT_PROTOTYPES = YES;
				CLANG_WARN_SUSPICIOUS_MOVE = YES;
				CLANG_WARN_UNGUARDED_AVAILABILITY = YES_AGGRESSIVE;
				CLANG_WARN_UNREACHABLE_CODE = YES;
				CLANG_WARN__DUPLICATE_METHOD_MATCH = YES;
				COPY_PHASE_STRIP = NO;
				DEBUG_INFORMATION_FORMAT = "dwarf-with-dsym";
				ENABLE_NS_ASSERTIONS = NO;
				ENABLE_STRICT_OBJC_MSGSEND = YES;
				GCC_C_LANGUAGE_STANDARD = gnu11;
				GCC_NO_COMMON_BLOCKS = YES;
				GCC_WARN_64_TO_32_BIT_CONVERSION = YES;
				GCC_WARN_ABOUT_RETURN_TYPE = YES_ERROR;
				GCC_WARN_UNDECLARED_SELECTOR = YES;
				GCC_WARN_UNINITIALIZED_AUTOS = YES_AGGRESSIVE;
				GCC_WARN_UNUSED_FUNCTION = YES;
				GCC_WARN_UNUSED_VARIABLE = YES;
				IPHONEOS_DEPLOYMENT_TARGET = 16.4;
				MTL_ENABLE_DEBUG_INFO = NO;
				MTL_FAST_MATH = YES;
				SDKROOT = iphoneos;
				SWIFT_COMPILATION_MODE = wholemodule;
				SWIFT_OPTIMIZATION_LEVEL = "-O";
				VALIDATE_PRODUCT = YES;
			};
			name = Release;
		};
		E722F6F42A963F3E00BAF883 /* Debug */ = {
			isa = XCBuildConfiguration;
			buildSettings = {
				ASSETCATALOG_COMPILER_APPICON_NAME = AppIcon;
				ASSETCATALOG_COMPILER_GLOBAL_ACCENT_COLOR_NAME = AccentColor;
				CODE_SIGN_STYLE = Automatic;
				CURRENT_PROJECT_VERSION = 1;
				DEVELOPMENT_ASSET_PATHS = "\"MyFirstApp/Preview Content\"";
				ENABLE_PREVIEWS = YES;
				GENERATE_INFOPLIST_FILE = YES;
				INFOPLIST_KEY_UIApplicationSceneManifest_Generation = YES;
				INFOPLIST_KEY_UIApplicationSupportsIndirectInputEvents = YES;
				INFOPLIST_KEY_UILaunchScreen_Generation = YES;
				INFOPLIST_KEY_UISupportedInterfaceOrientations_iPad = "UIInterfaceOrientationPortrait UIInterfaceOrientationPortraitUpsideDown UIInterfaceOrientationLandscapeLeft UIInterfaceOrientationLandscapeRight";
				INFOPLIST_KEY_UISupportedInterfaceOrientations_iPhone = "UIInterfaceOrientationPortrait UIInterfaceOrientationLandscapeLeft UIInterfaceOrientationLandscapeRight";
				LD_RUNPATH_SEARCH_PATHS = (
					"$(inherited)",
					"@executable_path/Frameworks",
				);
				MARKETING_VERSION = 1.0;
				PRODUCT_BUNDLE_IDENTIFIER = kr.kimkime.MyFirstApp;
				PRODUCT_NAME = "$(TARGET_NAME)";
				SWIFT_EMIT_LOC_STRINGS = YES;
				SWIFT_VERSION = 5.0;
				TARGETED_DEVICE_FAMILY = "1,2";
			};
			name = Debug;
		};
		E722F6F52A963F3E00BAF883 /* Release */ = {
			isa = XCBuildConfiguration;
			buildSettings = {
				ASSETCATALOG_COMPILER_APPICON_NAME = AppIcon;
				ASSETCATALOG_COMPILER_GLOBAL_ACCENT_COLOR_NAME = AccentColor;
				CODE_SIGN_STYLE = Automatic;
				CURRENT_PROJECT_VERSION = 1;
				DEVELOPMENT_ASSET_PATHS = "\"MyFirstApp/Preview Content\"";
				ENABLE_PREVIEWS = YES;
				GENERATE_INFOPLIST_FILE = YES;
				INFOPLIST_KEY_UIApplicationSceneManifest_Generation = YES;
				INFOPLIST_KEY_UIApplicationSupportsIndirectInputEvents = YES;
				INFOPLIST_KEY_UILaunchScreen_Generation = YES;
				INFOPLIST_KEY_UISupportedInterfaceOrientations_iPad = "UIInterfaceOrientationPortrait UIInterfaceOrientationPortraitUpsideDown UIInterfaceOrientationLandscapeLeft UIInterfaceOrientationLandscapeRight";
				INFOPLIST_KEY_UISupportedInterfaceOrientations_iPhone = "UIInterfaceOrientationPortrait UIInterfaceOrientationLandscapeLeft UIInterfaceOrientationLandscapeRight";
				LD_RUNPATH_SEARCH_PATHS = (
					"$(inherited)",
					"@executable_path/Frameworks",
				);
				MARKETING_VERSION = 1.0;
				PRODUCT_BUNDLE_IDENTIFIER = kr.kimkime.MyFirstApp;
				PRODUCT_NAME = "$(TARGET_NAME)";
				SWIFT_EMIT_LOC_STRINGS = YES;
				SWIFT_VERSION = 5.0;
				TARGETED_DEVICE_FAMILY = "1,2";
			};
			name = Release;
		};
		E722F6F72A963F3E00BAF883 /* Debug */ = {
			isa = XCBuildConfiguration;
			buildSettings = {
				ALWAYS_EMBED_SWIFT_STANDARD_LIBRARIES = YES;
				BUNDLE_LOADER = "$(TEST_HOST)";
				CODE_SIGN_STYLE = Automatic;
				CURRENT_PROJECT_VERSION = 1;
				GENERATE_INFOPLIST_FILE = YES;
				IPHONEOS_DEPLOYMENT_TARGET = 16.4;
				MARKETING_VERSION = 1.0;
				PRODUCT_BUNDLE_IDENTIFIER = kr.kimkime.MyFirstAppTests;
				PRODUCT_NAME = "$(TARGET_NAME)";
				SWIFT_EMIT_LOC_STRINGS = NO;
				SWIFT_VERSION = 5.0;
				TARGETED_DEVICE_FAMILY = "1,2";
				TEST_HOST = "$(BUILT_PRODUCTS_DIR)/MyFirstIOSCalculator.app/$(BUNDLE_EXECUTABLE_FOLDER_PATH)/MyFirstIOSCalculator";
			};
			name = Debug;
		};
		E722F6F82A963F3E00BAF883 /* Release */ = {
			isa = XCBuildConfiguration;
			buildSettings = {
				ALWAYS_EMBED_SWIFT_STANDARD_LIBRARIES = YES;
				BUNDLE_LOADER = "$(TEST_HOST)";
				CODE_SIGN_STYLE = Automatic;
				CURRENT_PROJECT_VERSION = 1;
				GENERATE_INFOPLIST_FILE = YES;
				IPHONEOS_DEPLOYMENT_TARGET = 16.4;
				MARKETING_VERSION = 1.0;
				PRODUCT_BUNDLE_IDENTIFIER = kr.kimkime.MyFirstAppTests;
				PRODUCT_NAME = "$(TARGET_NAME)";
				SWIFT_EMIT_LOC_STRINGS = NO;
				SWIFT_VERSION = 5.0;
				TARGETED_DEVICE_FAMILY = "1,2";
				TEST_HOST = "$(BUILT_PRODUCTS_DIR)/MyFirstIOSCalculator.app/$(BUNDLE_EXECUTABLE_FOLDER_PATH)/MyFirstIOSCalculator";
			};
			name = Release;
		};
		E722F6FA2A963F3E00BAF883 /* Debug */ = {
			isa = XCBuildConfiguration;
			buildSettings = {
				ALWAYS_EMBED_SWIFT_STANDARD_LIBRARIES = YES;
				CODE_SIGN_STYLE = Automatic;
				CURRENT_PROJECT_VERSION = 1;
				GENERATE_INFOPLIST_FILE = YES;
				MARKETING_VERSION = 1.0;
				PRODUCT_BUNDLE_IDENTIFIER = kr.kimkime.MyFirstAppUITests;
				PRODUCT_NAME = "$(TARGET_NAME)";
				SWIFT_EMIT_LOC_STRINGS = NO;
				SWIFT_VERSION = 5.0;
				TARGETED_DEVICE_FAMILY = "1,2";
				TEST_TARGET_NAME = MyFirstApp;
			};
			name = Debug;
		};
		E722F6FB2A963F3E00BAF883 /* Release */ = {
			isa = XCBuildConfiguration;
			buildSettings = {
				ALWAYS_EMBED_SWIFT_STANDARD_LIBRARIES = YES;
				CODE_SIGN_STYLE = Automatic;
				CURRENT_PROJECT_VERSION = 1;
				GENERATE_INFOPLIST_FILE = YES;
				MARKETING_VERSION = 1.0;
				PRODUCT_BUNDLE_IDENTIFIER = kr.kimkime.MyFirstAppUITests;
				PRODUCT_NAME = "$(TARGET_NAME)";
				SWIFT_EMIT_LOC_STRINGS = NO;
				SWIFT_VERSION = 5.0;
				TARGETED_DEVICE_FAMILY = "1,2";
				TEST_TARGET_NAME = MyFirstApp;
			};
			name = Release;
		};
/* End XCBuildConfiguration section */

/* Begin XCConfigurationList section */
		E722F6CA2A963F3E00BAF883 /* Build configuration list for PBXProject "MyFirstIOSCalculator" */ = {
			isa = XCConfigurationList;
			buildConfigurations = (
				E722F6F12A963F3E00BAF883 /* Debug */,
				E722F6F22A963F3E00BAF883 /* Release */,
			);
			defaultConfigurationIsVisible = 0;
			defaultConfigurationName = Release;
		};
		E722F6F32A963F3E00BAF883 /* Build configuration list for PBXNativeTarget "MyFirstIOSCalculator" */ = {
			isa = XCConfigurationList;
			buildConfigurations = (
				E722F6F42A963F3E00BAF883 /* Debug */,
				E722F6F52A963F3E00BAF883 /* Release */,
			);
			defaultConfigurationIsVisible = 0;
			defaultConfigurationName = Release;
		};
		E722F6F62A963F3E00BAF883 /* Build configuration list for PBXNativeTarget "MyFirstIOSCalculatorTests" */ = {
			isa = XCConfigurationList;
			buildConfigurations = (
				E722F6F72A963F3E00BAF883 /* Debug */,
				E722F6F82A963F3E00BAF883 /* Release */,
			);
			defaultConfigurationIsVisible = 0;
			defaultConfigurationName = Release;
		};
		E722F6F92A963F3E00BAF883 /* Build configuration list for PBXNativeTarget "MyFirstIOSCalculatorUITests" */ = {
			isa = XCConfigurationList;
			buildConfigurations = (
				E722F6FA2A963F3E00BAF883 /* Debug */,
				E722F6FB2A963F3E00BAF883 /* Release */,
			);
			defaultConfigurationIsVisible = 0;
			defaultConfigurationName = Release;
		};
/* End XCConfigurationList section */
	};
	rootObject = E722F6C72A963F3E00BAF883 /* Project object */;
}
